
Microsoft Visual Studio Solution File, Format Version 12.00
# Visual Studio Version 17
VisualStudioVersion = 17.3.32901.215
MinimumVisualStudioVersion = 10.0.40219.1
Project("{FAE04EC0-301F-11D3-BF4B-00C04F79EFBC}") = "A904068aHQ040702", "A904068aHQ040702\A904068aHQ040702.csproj", "{98612E8C-4654-42F7-84C7-87B851A8E635}"
EndProject
Global
	GlobalSection(SolutionConfigurationPlatforms) = preSolution
		Debug|Any CPU = Debug|Any CPU
		Release|Any CPU = Release|Any CPU
	EndGlobalSection
	GlobalSection(ProjectConfigurationPlatforms) = postSolution
		{98612E8C-4654-42F7-84C7-87B851A8E635}.Debug|Any CPU.ActiveCfg = Debug|Any CPU
		{98612E8C-4654-42F7-84C7-87B851A8E635}.Debug|Any CPU.Build.0 = Debug|Any CPU
		{98612E8C-4654-42F7-84C7-87B851A8E635}.Release|Any CPU.ActiveCfg = Release|Any CPU
		{98612E8C-4654-42F7-84C7-87B851A8E635}.Release|Any CPU.Build.0 = Release|Any CPU
	EndGlobalSection
	GlobalSection(SolutionProperties) = preSolution
		HideSolutionNode = FALSE
	EndGlobalSection
	GlobalSection(ExtensibilityGlobals) = postSolution
		SolutionGuid = {D7C33727-62E6-4785-A048-3384A30EFB42}
	EndGlobalSection
EndGlobal
