
Microsoft Visual Studio Solution File, Format Version 12.00
# Visual Studio Version 17
VisualStudioVersion = 17.3.32901.215
MinimumVisualStudioVersion = 10.0.40219.1
Project("{FAE04EC0-301F-11D3-BF4B-00C04F79EFBC}") = "A904068aH4140706", "A904068aH4140706\A904068aH4140706.csproj", "{0685B98E-7E12-4134-9808-C96AB7F943B7}"
EndProject
Global
	GlobalSection(SolutionConfigurationPlatforms) = preSolution
		Debug|Any CPU = Debug|Any CPU
		Release|Any CPU = Release|Any CPU
	EndGlobalSection
	GlobalSection(ProjectConfigurationPlatforms) = postSolution
		{0685B98E-7E12-4134-9808-C96AB7F943B7}.Debug|Any CPU.ActiveCfg = Debug|Any CPU
		{0685B98E-7E12-4134-9808-C96AB7F943B7}.Debug|Any CPU.Build.0 = Debug|Any CPU
		{0685B98E-7E12-4134-9808-C96AB7F943B7}.Release|Any CPU.ActiveCfg = Release|Any CPU
		{0685B98E-7E12-4134-9808-C96AB7F943B7}.Release|Any CPU.Build.0 = Release|Any CPU
	EndGlobalSection
	GlobalSection(SolutionProperties) = preSolution
		HideSolutionNode = FALSE
	EndGlobalSection
	GlobalSection(ExtensibilityGlobals) = postSolution
		SolutionGuid = {A9B85949-FCD0-44E6-8FBC-2873980E80AF}
	EndGlobalSection
EndGlobal
